<?xml version="1.0" encoding="UTF-8" standalone="yes" ?>
<CodeBlocks_project_file>
	<FileVersion major="1" minor="6" />
	<Project>
		<Option title="MultiColor" />
		<Option makefile_is_custom="1" />
		<Option pch_mode="2" />
		<Option compiler="gcc" />
		<Build>
			<Target title="Debug">
				<Option output="debug/MultiColor/multicolor" prefix_auto="1" extension_auto="1" />
				<Option object_output="obj/Debug/" />
				<Option type="0" />
				<Option compiler="gcc" />
				<Option projectLinkerOptionsRelation="2" />
				<Compiler>
					<Add option="-g" />
				</Compiler>
				<MakeCommands>
					<Build command="$make -f $makefile DEBUG=YES" />
					<CompileFile command="$make -f $makefile $file DEBUG=YES" />
					<Clean command="$make -f $makefile clean DEBUG=YES" />
					<DistClean command="$make -f $makefile distclean$target" />
				</MakeCommands>
			</Target>
			<Target title="Release">
				<Option output="release/MultiColor/multicolor" prefix_auto="1" extension_auto="1" />
				<Option object_output="obj/Release/" />
				<Option type="0" />
				<Option compiler="gcc" />
				<Option projectLinkerOptionsRelation="2" />
				<Compiler>
					<Add option="-O2" />
				</Compiler>
				<Linker>
					<Add option="-s" />
				</Linker>
				<MakeCommands>
					<Build command="$make -f $makefile" />
					<CompileFile command="$make -f $makefile $file" />
					<Clean command="$make -f $makefile clean" />
					<DistClean command="$make -f $makefile distclean$target" />
				</MakeCommands>
			</Target>
		</Build>
		<Compiler>
			<Add option="`wx-config --cflags`" />
			<Add option="-Wall" />
		</Compiler>
		<Linker>
			<Add option="`wx-config --libs`" />
		</Linker>
		<Unit filename="../../src/BitmapBase.cpp" />
		<Unit filename="../../src/BitmapBase.h" />
		<Unit filename="../../src/C64Color.cpp" />
		<Unit filename="../../src/C64Color.h" />
		<Unit filename="../../src/DocBase.cpp" />
		<Unit filename="../../src/DocBase.h" />
		<Unit filename="../../src/DocRenderer.h" />
		<Unit filename="../../src/FormatInfo.cpp" />
		<Unit filename="../../src/FormatInfo.h" />
		<Unit filename="../../src/HiResBitmap.cpp" />
		<Unit filename="../../src/HiResBitmap.h" />
		<Unit filename="../../src/HiResBlock.cpp" />
		<Unit filename="../../src/HiResBlock.h" />
		<Unit filename="../../src/HiResDoc.cpp" />
		<Unit filename="../../src/HiResDoc.h" />
		<Unit filename="../../src/MCApp.cpp" />
		<Unit filename="../../src/MCApp.h" />
		<Unit filename="../../src/MCBitmap.cpp" />
		<Unit filename="../../src/MCBitmap.h" />
		<Unit filename="../../src/MCBlock.cpp" />
		<Unit filename="../../src/MCBlock.h" />
		<Unit filename="../../src/MCBlockPanel.cpp" />
		<Unit filename="../../src/MCBlockPanel.h" />
		<Unit filename="../../src/MCCanvas.cpp" />
		<Unit filename="../../src/MCCanvas.h" />
		<Unit filename="../../src/MCDoc.cpp" />
		<Unit filename="../../src/MCDoc.h" />
		<Unit filename="../../src/MCDrawingModePanel.cpp" />
		<Unit filename="../../src/MCDrawingModePanel.h" />
		<Unit filename="../../src/MCMainFrame.cpp" />
		<Unit filename="../../src/MCMainFrame.h" />
		<Unit filename="../../src/NewFileDialog.cpp" />
		<Unit filename="../../src/NewFileDialog.h" />
		<Unit filename="../../src/PalettePanel.cpp" />
		<Unit filename="../../src/PalettePanel.h" />
		<Unit filename="../../src/ToolBase.cpp" />
		<Unit filename="../../src/ToolBase.h" />
		<Unit filename="../../src/ToolCloneBrush.cpp" />
		<Unit filename="../../src/ToolCloneBrush.h" />
		<Unit filename="../../src/ToolColorPicker.cpp" />
		<Unit filename="../../src/ToolColorPicker.h" />
		<Unit filename="../../src/ToolDots.cpp" />
		<Unit filename="../../src/ToolDots.h" />
		<Unit filename="../../src/ToolFill.cpp" />
		<Unit filename="../../src/ToolFill.h" />
		<Unit filename="../../src/ToolFreehand.cpp" />
		<Unit filename="../../src/ToolFreehand.h" />
		<Unit filename="../../src/ToolLines.cpp" />
		<Unit filename="../../src/ToolLines.h" />
		<Unit filename="../../src/ToolPanel.cpp" />
		<Unit filename="../../src/ToolPanel.h" />
		<Extensions>
			<code_completion />
			<debugger />
			<envvars />
		</Extensions>
	</Project>
</CodeBlocks_project_file>
